// !$*UTF8*$!
{
	archiveVersion = 1;
	classes = {
	};
	objectVersion = 46;
	objects = {

/* Begin PBXBuildFile section */
		94941F791D9084730065EA60 /* WatchDataManager.swift in Sources */ = {isa = PBXBuildFile; fileRef = 94E97F221D8C891200E25C3A /* WatchDataManager.swift */; };
		94941F7A1D908B760065EA60 /* WatchDataManager.swift in Sources */ = {isa = PBXBuildFile; fileRef = 94E97F221D8C891200E25C3A /* WatchDataManager.swift */; };
		94941F7D1D9098390065EA60 /* WatchRecipe.swift in Sources */ = {isa = PBXBuildFile; fileRef = 94941F7C1D9098390065EA60 /* WatchRecipe.swift */; };
		94941F7E1D909A290065EA60 /* WatchRecipe.swift in Sources */ = {isa = PBXBuildFile; fileRef = 94941F7C1D9098390065EA60 /* WatchRecipe.swift */; };
		94941F7F1D909A2B0065EA60 /* WatchRecipe.swift in Sources */ = {isa = PBXBuildFile; fileRef = 94941F7C1D9098390065EA60 /* WatchRecipe.swift */; };
		94941F831D909B300065EA60 /* RecipeRowController.swift in Sources */ = {isa = PBXBuildFile; fileRef = 94941F801D909AA60065EA60 /* RecipeRowController.swift */; };
		9497BAF61D8C4AD900E45158 /* AppDelegate.swift in Sources */ = {isa = PBXBuildFile; fileRef = 9497BAF51D8C4AD900E45158 /* AppDelegate.swift */; };
		9497BAFB1D8C4AD900E45158 /* Main.storyboard in Resources */ = {isa = PBXBuildFile; fileRef = 9497BAF91D8C4AD900E45158 /* Main.storyboard */; };
		9497BAFD1D8C4AD900E45158 /* Assets.xcassets in Resources */ = {isa = PBXBuildFile; fileRef = 9497BAFC1D8C4AD900E45158 /* Assets.xcassets */; };
		9497BB001D8C4AD900E45158 /* LaunchScreen.storyboard in Resources */ = {isa = PBXBuildFile; fileRef = 9497BAFE1D8C4AD900E45158 /* LaunchScreen.storyboard */; };
		9497BB0B1D8C4AD900E45158 /* HungryBoiTests.swift in Sources */ = {isa = PBXBuildFile; fileRef = 9497BB0A1D8C4AD900E45158 /* HungryBoiTests.swift */; };
		9497BB161D8C4AD900E45158 /* HungryBoiUITests.swift in Sources */ = {isa = PBXBuildFile; fileRef = 9497BB151D8C4AD900E45158 /* HungryBoiUITests.swift */; };
		9497BB281D8C517800E45158 /* FoodTableViewCell.xib in Resources */ = {isa = PBXBuildFile; fileRef = 9497BB271D8C517800E45158 /* FoodTableViewCell.xib */; };
		9497BB2A1D8C519900E45158 /* FoodTableViewCell.swift in Sources */ = {isa = PBXBuildFile; fileRef = 9497BB291D8C519900E45158 /* FoodTableViewCell.swift */; };
		94DEBD921D8C909A007CB232 /* HungryBoi.xcdatamodeld in Sources */ = {isa = PBXBuildFile; fileRef = 94E97ECD1D8C7BEB00E25C3A /* HungryBoi.xcdatamodeld */; };
		94DEBD951D8C914D007CB232 /* FoodRecipeViewController.swift in Sources */ = {isa = PBXBuildFile; fileRef = 9497BAF71D8C4AD900E45158 /* FoodRecipeViewController.swift */; };
		94DEBD981D8C91D8007CB232 /* Recipe+CoreDataProperties.swift in Sources */ = {isa = PBXBuildFile; fileRef = 94E97ED11D8C7C6500E25C3A /* Recipe+CoreDataProperties.swift */; };
		94DEBD991D8C91D8007CB232 /* Recipe+CoreDataClass.swift in Sources */ = {isa = PBXBuildFile; fileRef = 94E97ED01D8C7C6500E25C3A /* Recipe+CoreDataClass.swift */; };
		94DEBD9B1D8C9239007CB232 /* Recipe+CoreDataClass.swift in Sources */ = {isa = PBXBuildFile; fileRef = 94E97ED01D8C7C6500E25C3A /* Recipe+CoreDataClass.swift */; };
		94DEBD9C1D8C9239007CB232 /* Recipe+CoreDataProperties.swift in Sources */ = {isa = PBXBuildFile; fileRef = 94E97ED11D8C7C6500E25C3A /* Recipe+CoreDataProperties.swift */; };
		94DEBD9D1D8C923C007CB232 /* HungryBoi.xcdatamodeld in Sources */ = {isa = PBXBuildFile; fileRef = 94E97ECD1D8C7BEB00E25C3A /* HungryBoi.xcdatamodeld */; };
		94DEBD9F1D8C9484007CB232 /* WatchToPhoneService.swift in Sources */ = {isa = PBXBuildFile; fileRef = 94DEBD9E1D8C9484007CB232 /* WatchToPhoneService.swift */; };
		94E97EDA1D8C873B00E25C3A /* Interface.storyboard in Resources */ = {isa = PBXBuildFile; fileRef = 94E97ED81D8C873B00E25C3A /* Interface.storyboard */; };
		94E97EDC1D8C873B00E25C3A /* Assets.xcassets in Resources */ = {isa = PBXBuildFile; fileRef = 94E97EDB1D8C873B00E25C3A /* Assets.xcassets */; };
		94E97EE31D8C873B00E25C3A /* HungryBoiWatchKitApp Extension.appex in Embed App Extensions */ = {isa = PBXBuildFile; fileRef = 94E97EE21D8C873B00E25C3A /* HungryBoiWatchKitApp Extension.appex */; settings = {ATTRIBUTES = (RemoveHeadersOnCopy, ); }; };
		94E97EEA1D8C873B00E25C3A /* RecipesWatchController.swift in Sources */ = {isa = PBXBuildFile; fileRef = 94E97EE91D8C873B00E25C3A /* RecipesWatchController.swift */; };
		94E97EEC1D8C873B00E25C3A /* ExtensionDelegate.swift in Sources */ = {isa = PBXBuildFile; fileRef = 94E97EEB1D8C873B00E25C3A /* ExtensionDelegate.swift */; };
		94E97EEE1D8C873B00E25C3A /* NotificationController.swift in Sources */ = {isa = PBXBuildFile; fileRef = 94E97EED1D8C873B00E25C3A /* NotificationController.swift */; };
		94E97EF01D8C873B00E25C3A /* Assets.xcassets in Resources */ = {isa = PBXBuildFile; fileRef = 94E97EEF1D8C873B00E25C3A /* Assets.xcassets */; };
		94E97EF41D8C873B00E25C3A /* HungryBoiWatchKitApp.app in Embed Watch Content */ = {isa = PBXBuildFile; fileRef = 94E97ED61D8C873B00E25C3A /* HungryBoiWatchKitApp.app */; };
		94E97F0B1D8C879400E25C3A /* HungryBoiCommon.framework in Frameworks */ = {isa = PBXBuildFile; fileRef = 94E97F021D8C879400E25C3A /* HungryBoiCommon.framework */; };
		94E97F121D8C879400E25C3A /* HungryBoiCommonTests.swift in Sources */ = {isa = PBXBuildFile; fileRef = 94E97F111D8C879400E25C3A /* HungryBoiCommonTests.swift */; };
		94E97F141D8C879400E25C3A /* HungryBoiCommon.h in Headers */ = {isa = PBXBuildFile; fileRef = 94E97F041D8C879400E25C3A /* HungryBoiCommon.h */; settings = {ATTRIBUTES = (Public, ); }; };
		94E97F171D8C879400E25C3A /* HungryBoiCommon.framework in Frameworks */ = {isa = PBXBuildFile; fileRef = 94E97F021D8C879400E25C3A /* HungryBoiCommon.framework */; };
		94E97F181D8C879400E25C3A /* HungryBoiCommon.framework in Embed Frameworks */ = {isa = PBXBuildFile; fileRef = 94E97F021D8C879400E25C3A /* HungryBoiCommon.framework */; settings = {ATTRIBUTES = (CodeSignOnCopy, RemoveHeadersOnCopy, ); }; };
		94E97F211D8C88E200E25C3A /* PhoneToWatchService.swift in Sources */ = {isa = PBXBuildFile; fileRef = 94E97F201D8C88E200E25C3A /* PhoneToWatchService.swift */; };
/* End PBXBuildFile section */

/* Begin PBXContainerItemProxy section */
		9497BB071D8C4AD900E45158 /* PBXContainerItemProxy */ = {
			isa = PBXContainerItemProxy;
			containerPortal = 9497BAEA1D8C4AD900E45158 /* Project object */;
			proxyType = 1;
			remoteGlobalIDString = 9497BAF11D8C4AD900E45158;
			remoteInfo = HungryBoi;
		};
		9497BB121D8C4AD900E45158 /* PBXContainerItemProxy */ = {
			isa = PBXContainerItemProxy;
			containerPortal = 9497BAEA1D8C4AD900E45158 /* Project object */;
			proxyType = 1;
			remoteGlobalIDString = 9497BAF11D8C4AD900E45158;
			remoteInfo = HungryBoi;
		};
		94E97EE41D8C873B00E25C3A /* PBXContainerItemProxy */ = {
			isa = PBXContainerItemProxy;
			containerPortal = 9497BAEA1D8C4AD900E45158 /* Project object */;
			proxyType = 1;
			remoteGlobalIDString = 94E97EE11D8C873B00E25C3A;
			remoteInfo = "HungryBoiWatchKitApp Extension";
		};
		94E97EF21D8C873B00E25C3A /* PBXContainerItemProxy */ = {
			isa = PBXContainerItemProxy;
			containerPortal = 9497BAEA1D8C4AD900E45158 /* Project object */;
			proxyType = 1;
			remoteGlobalIDString = 94E97ED51D8C873B00E25C3A;
			remoteInfo = HungryBoiWatchKitApp;
		};
		94E97F0C1D8C879400E25C3A /* PBXContainerItemProxy */ = {
			isa = PBXContainerItemProxy;
			containerPortal = 9497BAEA1D8C4AD900E45158 /* Project object */;
			proxyType = 1;
			remoteGlobalIDString = 94E97F011D8C879400E25C3A;
			remoteInfo = HungryBoiCommon;
		};
		94E97F0E1D8C879400E25C3A /* PBXContainerItemProxy */ = {
			isa = PBXContainerItemProxy;
			containerPortal = 9497BAEA1D8C4AD900E45158 /* Project object */;
			proxyType = 1;
			remoteGlobalIDString = 9497BAF11D8C4AD900E45158;
			remoteInfo = HungryBoi;
		};
		94E97F151D8C879400E25C3A /* PBXContainerItemProxy */ = {
			isa = PBXContainerItemProxy;
			containerPortal = 9497BAEA1D8C4AD900E45158 /* Project object */;
			proxyType = 1;
			remoteGlobalIDString = 94E97F011D8C879400E25C3A;
			remoteInfo = HungryBoiCommon;
		};
/* End PBXContainerItemProxy section */

/* Begin PBXCopyFilesBuildPhase section */
		94E97EF81D8C873B00E25C3A /* Embed App Extensions */ = {
			isa = PBXCopyFilesBuildPhase;
			buildActionMask = 2147483647;
			dstPath = "";
			dstSubfolderSpec = 13;
			files = (
				94E97EE31D8C873B00E25C3A /* HungryBoiWatchKitApp Extension.appex in Embed App Extensions */,
			);
			name = "Embed App Extensions";
			runOnlyForDeploymentPostprocessing = 0;
		};
		94E97EFC1D8C873B00E25C3A /* Embed Watch Content */ = {
			isa = PBXCopyFilesBuildPhase;
			buildActionMask = 2147483647;
			dstPath = "$(CONTENTS_FOLDER_PATH)/Watch";
			dstSubfolderSpec = 16;
			files = (
				94E97EF41D8C873B00E25C3A /* HungryBoiWatchKitApp.app in Embed Watch Content */,
			);
			name = "Embed Watch Content";
			runOnlyForDeploymentPostprocessing = 0;
		};
		94E97F1C1D8C879400E25C3A /* Embed Frameworks */ = {
			isa = PBXCopyFilesBuildPhase;
			buildActionMask = 2147483647;
			dstPath = "";
			dstSubfolderSpec = 10;
			files = (
				94E97F181D8C879400E25C3A /* HungryBoiCommon.framework in Embed Frameworks */,
			);
			name = "Embed Frameworks";
			runOnlyForDeploymentPostprocessing = 0;
		};
/* End PBXCopyFilesBuildPhase section */

/* Begin PBXFileReference section */
		94941F7C1D9098390065EA60 /* WatchRecipe.swift */ = {isa = PBXFileReference; fileEncoding = 4; lastKnownFileType = sourcecode.swift; path = WatchRecipe.swift; sourceTree = "<group>"; };
		94941F801D909AA60065EA60 /* RecipeRowController.swift */ = {isa = PBXFileReference; fileEncoding = 4; lastKnownFileType = sourcecode.swift; name = RecipeRowController.swift; path = ../HungryBoiCommon/RecipeRowController.swift; sourceTree = "<group>"; };
		9497BAF21D8C4AD900E45158 /* HungryBoi.app */ = {isa = PBXFileReference; explicitFileType = wrapper.application; includeInIndex = 0; path = HungryBoi.app; sourceTree = BUILT_PRODUCTS_DIR; };
		9497BAF51D8C4AD900E45158 /* AppDelegate.swift */ = {isa = PBXFileReference; lastKnownFileType = sourcecode.swift; path = AppDelegate.swift; sourceTree = "<group>"; };
		9497BAF71D8C4AD900E45158 /* FoodRecipeViewController.swift */ = {isa = PBXFileReference; lastKnownFileType = sourcecode.swift; path = FoodRecipeViewController.swift; sourceTree = "<group>"; };
		9497BAFA1D8C4AD900E45158 /* Base */ = {isa = PBXFileReference; lastKnownFileType = file.storyboard; name = Base; path = Base.lproj/Main.storyboard; sourceTree = "<group>"; };
		9497BAFC1D8C4AD900E45158 /* Assets.xcassets */ = {isa = PBXFileReference; lastKnownFileType = folder.assetcatalog; path = Assets.xcassets; sourceTree = "<group>"; };
		9497BAFF1D8C4AD900E45158 /* Base */ = {isa = PBXFileReference; lastKnownFileType = file.storyboard; name = Base; path = Base.lproj/LaunchScreen.storyboard; sourceTree = "<group>"; };
		9497BB011D8C4AD900E45158 /* Info.plist */ = {isa = PBXFileReference; lastKnownFileType = text.plist.xml; path = Info.plist; sourceTree = "<group>"; };
		9497BB061D8C4AD900E45158 /* HungryBoiTests.xctest */ = {isa = PBXFileReference; explicitFileType = wrapper.cfbundle; includeInIndex = 0; path = HungryBoiTests.xctest; sourceTree = BUILT_PRODUCTS_DIR; };
		9497BB0A1D8C4AD900E45158 /* HungryBoiTests.swift */ = {isa = PBXFileReference; lastKnownFileType = sourcecode.swift; path = HungryBoiTests.swift; sourceTree = "<group>"; };
		9497BB0C1D8C4AD900E45158 /* Info.plist */ = {isa = PBXFileReference; lastKnownFileType = text.plist.xml; path = Info.plist; sourceTree = "<group>"; };
		9497BB111D8C4AD900E45158 /* HungryBoiUITests.xctest */ = {isa = PBXFileReference; explicitFileType = wrapper.cfbundle; includeInIndex = 0; path = HungryBoiUITests.xctest; sourceTree = BUILT_PRODUCTS_DIR; };
		9497BB151D8C4AD900E45158 /* HungryBoiUITests.swift */ = {isa = PBXFileReference; lastKnownFileType = sourcecode.swift; path = HungryBoiUITests.swift; sourceTree = "<group>"; };
		9497BB171D8C4AD900E45158 /* Info.plist */ = {isa = PBXFileReference; lastKnownFileType = text.plist.xml; path = Info.plist; sourceTree = "<group>"; };
		9497BB271D8C517800E45158 /* FoodTableViewCell.xib */ = {isa = PBXFileReference; fileEncoding = 4; lastKnownFileType = file.xib; path = FoodTableViewCell.xib; sourceTree = "<group>"; };
		9497BB291D8C519900E45158 /* FoodTableViewCell.swift */ = {isa = PBXFileReference; fileEncoding = 4; lastKnownFileType = sourcecode.swift; path = FoodTableViewCell.swift; sourceTree = "<group>"; };
		94DEBD9E1D8C9484007CB232 /* WatchToPhoneService.swift */ = {isa = PBXFileReference; fileEncoding = 4; lastKnownFileType = sourcecode.swift; path = WatchToPhoneService.swift; sourceTree = "<group>"; };
		94E97ECE1D8C7BEB00E25C3A /* HungryBoi.xcdatamodel */ = {isa = PBXFileReference; lastKnownFileType = wrapper.xcdatamodel; path = HungryBoi.xcdatamodel; sourceTree = "<group>"; };
		94E97ED01D8C7C6500E25C3A /* Recipe+CoreDataClass.swift */ = {isa = PBXFileReference; fileEncoding = 4; lastKnownFileType = sourcecode.swift; name = "Recipe+CoreDataClass.swift"; path = "../Recipe+CoreDataClass.swift"; sourceTree = "<group>"; };
		94E97ED11D8C7C6500E25C3A /* Recipe+CoreDataProperties.swift */ = {isa = PBXFileReference; fileEncoding = 4; lastKnownFileType = sourcecode.swift; name = "Recipe+CoreDataProperties.swift"; path = "../Recipe+CoreDataProperties.swift"; sourceTree = "<group>"; };
		94E97ED61D8C873B00E25C3A /* HungryBoiWatchKitApp.app */ = {isa = PBXFileReference; explicitFileType = wrapper.application; includeInIndex = 0; path = HungryBoiWatchKitApp.app; sourceTree = BUILT_PRODUCTS_DIR; };
		94E97ED91D8C873B00E25C3A /* Base */ = {isa = PBXFileReference; lastKnownFileType = file.storyboard; name = Base; path = Base.lproj/Interface.storyboard; sourceTree = "<group>"; };
		94E97EDB1D8C873B00E25C3A /* Assets.xcassets */ = {isa = PBXFileReference; lastKnownFileType = folder.assetcatalog; path = Assets.xcassets; sourceTree = "<group>"; };
		94E97EDD1D8C873B00E25C3A /* Info.plist */ = {isa = PBXFileReference; lastKnownFileType = text.plist.xml; path = Info.plist; sourceTree = "<group>"; };
		94E97EE21D8C873B00E25C3A /* HungryBoiWatchKitApp Extension.appex */ = {isa = PBXFileReference; explicitFileType = "wrapper.app-extension"; includeInIndex = 0; path = "HungryBoiWatchKitApp Extension.appex"; sourceTree = BUILT_PRODUCTS_DIR; };
		94E97EE81D8C873B00E25C3A /* PushNotificationPayload.apns */ = {isa = PBXFileReference; lastKnownFileType = text; path = PushNotificationPayload.apns; sourceTree = "<group>"; };
		94E97EE91D8C873B00E25C3A /* RecipesWatchController.swift */ = {isa = PBXFileReference; lastKnownFileType = sourcecode.swift; path = RecipesWatchController.swift; sourceTree = "<group>"; };
		94E97EEB1D8C873B00E25C3A /* ExtensionDelegate.swift */ = {isa = PBXFileReference; lastKnownFileType = sourcecode.swift; path = ExtensionDelegate.swift; sourceTree = "<group>"; };
		94E97EED1D8C873B00E25C3A /* NotificationController.swift */ = {isa = PBXFileReference; lastKnownFileType = sourcecode.swift; path = NotificationController.swift; sourceTree = "<group>"; };
		94E97EEF1D8C873B00E25C3A /* Assets.xcassets */ = {isa = PBXFileReference; lastKnownFileType = folder.assetcatalog; path = Assets.xcassets; sourceTree = "<group>"; };
		94E97EF11D8C873B00E25C3A /* Info.plist */ = {isa = PBXFileReference; lastKnownFileType = text.plist.xml; path = Info.plist; sourceTree = "<group>"; };
		94E97F021D8C879400E25C3A /* HungryBoiCommon.framework */ = {isa = PBXFileReference; explicitFileType = wrapper.framework; includeInIndex = 0; path = HungryBoiCommon.framework; sourceTree = BUILT_PRODUCTS_DIR; };
		94E97F041D8C879400E25C3A /* HungryBoiCommon.h */ = {isa = PBXFileReference; lastKnownFileType = sourcecode.c.h; path = HungryBoiCommon.h; sourceTree = "<group>"; };
		94E97F051D8C879400E25C3A /* Info.plist */ = {isa = PBXFileReference; lastKnownFileType = text.plist.xml; path = Info.plist; sourceTree = "<group>"; };
		94E97F0A1D8C879400E25C3A /* HungryBoiCommonTests.xctest */ = {isa = PBXFileReference; explicitFileType = wrapper.cfbundle; includeInIndex = 0; path = HungryBoiCommonTests.xctest; sourceTree = BUILT_PRODUCTS_DIR; };
		94E97F111D8C879400E25C3A /* HungryBoiCommonTests.swift */ = {isa = PBXFileReference; lastKnownFileType = sourcecode.swift; path = HungryBoiCommonTests.swift; sourceTree = "<group>"; };
		94E97F131D8C879400E25C3A /* Info.plist */ = {isa = PBXFileReference; lastKnownFileType = text.plist.xml; path = Info.plist; sourceTree = "<group>"; };
		94E97F201D8C88E200E25C3A /* PhoneToWatchService.swift */ = {isa = PBXFileReference; fileEncoding = 4; lastKnownFileType = sourcecode.swift; path = PhoneToWatchService.swift; sourceTree = "<group>"; };
		94E97F221D8C891200E25C3A /* WatchDataManager.swift */ = {isa = PBXFileReference; fileEncoding = 4; lastKnownFileType = sourcecode.swift; path = WatchDataManager.swift; sourceTree = "<group>"; };
/* End PBXFileReference section */

/* Begin PBXFrameworksBuildPhase section */
		9497BAEF1D8C4AD900E45158 /* Frameworks */ = {
			isa = PBXFrameworksBuildPhase;
			buildActionMask = 2147483647;
			files = (
				94E97F171D8C879400E25C3A /* HungryBoiCommon.framework in Frameworks */,
			);
			runOnlyForDeploymentPostprocessing = 0;
		};
		9497BB031D8C4AD900E45158 /* Frameworks */ = {
			isa = PBXFrameworksBuildPhase;
			buildActionMask = 2147483647;
			files = (
			);
			runOnlyForDeploymentPostprocessing = 0;
		};
		9497BB0E1D8C4AD900E45158 /* Frameworks */ = {
			isa = PBXFrameworksBuildPhase;
			buildActionMask = 2147483647;
			files = (
			);
			runOnlyForDeploymentPostprocessing = 0;
		};
		94E97EDF1D8C873B00E25C3A /* Frameworks */ = {
			isa = PBXFrameworksBuildPhase;
			buildActionMask = 2147483647;
			files = (
			);
			runOnlyForDeploymentPostprocessing = 0;
		};
		94E97EFE1D8C879400E25C3A /* Frameworks */ = {
			isa = PBXFrameworksBuildPhase;
			buildActionMask = 2147483647;
			files = (
			);
			runOnlyForDeploymentPostprocessing = 0;
		};
		94E97F071D8C879400E25C3A /* Frameworks */ = {
			isa = PBXFrameworksBuildPhase;
			buildActionMask = 2147483647;
			files = (
				94E97F0B1D8C879400E25C3A /* HungryBoiCommon.framework in Frameworks */,
			);
			runOnlyForDeploymentPostprocessing = 0;
		};
/* End PBXFrameworksBuildPhase section */

/* Begin PBXGroup section */
		9497BAE91D8C4AD900E45158 = {
			isa = PBXGroup;
			children = (
				9497BAF41D8C4AD900E45158 /* HungryBoi */,
				9497BB091D8C4AD900E45158 /* HungryBoiTests */,
				9497BB141D8C4AD900E45158 /* HungryBoiUITests */,
				94E97ED71D8C873B00E25C3A /* HungryBoiWatchKitApp */,
				94E97EE61D8C873B00E25C3A /* HungryBoiWatchKitApp Extension */,
				94E97F031D8C879400E25C3A /* HungryBoiCommon */,
				94E97F101D8C879400E25C3A /* HungryBoiCommonTests */,
				9497BAF31D8C4AD900E45158 /* Products */,
			);
			sourceTree = "<group>";
		};
		9497BAF31D8C4AD900E45158 /* Products */ = {
			isa = PBXGroup;
			children = (
				9497BAF21D8C4AD900E45158 /* HungryBoi.app */,
				9497BB061D8C4AD900E45158 /* HungryBoiTests.xctest */,
				9497BB111D8C4AD900E45158 /* HungryBoiUITests.xctest */,
				94E97ED61D8C873B00E25C3A /* HungryBoiWatchKitApp.app */,
				94E97EE21D8C873B00E25C3A /* HungryBoiWatchKitApp Extension.appex */,
				94E97F021D8C879400E25C3A /* HungryBoiCommon.framework */,
				94E97F0A1D8C879400E25C3A /* HungryBoiCommonTests.xctest */,
			);
			name = Products;
			sourceTree = "<group>";
		};
		9497BAF41D8C4AD900E45158 /* HungryBoi */ = {
			isa = PBXGroup;
			children = (
				9497BAF51D8C4AD900E45158 /* AppDelegate.swift */,
				94E97F201D8C88E200E25C3A /* PhoneToWatchService.swift */,
				9497BAF71D8C4AD900E45158 /* FoodRecipeViewController.swift */,
				9497BAF91D8C4AD900E45158 /* Main.storyboard */,
				9497BB271D8C517800E45158 /* FoodTableViewCell.xib */,
				9497BB291D8C519900E45158 /* FoodTableViewCell.swift */,
				9497BAFC1D8C4AD900E45158 /* Assets.xcassets */,
				9497BAFE1D8C4AD900E45158 /* LaunchScreen.storyboard */,
				9497BB011D8C4AD900E45158 /* Info.plist */,
			);
			path = HungryBoi;
			sourceTree = "<group>";
		};
		9497BB091D8C4AD900E45158 /* HungryBoiTests */ = {
			isa = PBXGroup;
			children = (
				9497BB0A1D8C4AD900E45158 /* HungryBoiTests.swift */,
				9497BB0C1D8C4AD900E45158 /* Info.plist */,
			);
			path = HungryBoiTests;
			sourceTree = "<group>";
		};
		9497BB141D8C4AD900E45158 /* HungryBoiUITests */ = {
			isa = PBXGroup;
			children = (
				9497BB151D8C4AD900E45158 /* HungryBoiUITests.swift */,
				9497BB171D8C4AD900E45158 /* Info.plist */,
			);
			path = HungryBoiUITests;
			sourceTree = "<group>";
		};
		94E97ED71D8C873B00E25C3A /* HungryBoiWatchKitApp */ = {
			isa = PBXGroup;
			children = (
				94E97ED81D8C873B00E25C3A /* Interface.storyboard */,
				94E97EDB1D8C873B00E25C3A /* Assets.xcassets */,
				94E97EDD1D8C873B00E25C3A /* Info.plist */,
			);
			path = HungryBoiWatchKitApp;
			sourceTree = "<group>";
		};
		94E97EE61D8C873B00E25C3A /* HungryBoiWatchKitApp Extension */ = {
			isa = PBXGroup;
			children = (
				94941F801D909AA60065EA60 /* RecipeRowController.swift */,
				94E97EE91D8C873B00E25C3A /* RecipesWatchController.swift */,
				94E97EEB1D8C873B00E25C3A /* ExtensionDelegate.swift */,
				94DEBD9E1D8C9484007CB232 /* WatchToPhoneService.swift */,
				94E97EED1D8C873B00E25C3A /* NotificationController.swift */,
				94E97EEF1D8C873B00E25C3A /* Assets.xcassets */,
				94E97EF11D8C873B00E25C3A /* Info.plist */,
				94E97EE71D8C873B00E25C3A /* Supporting Files */,
			);
			path = "HungryBoiWatchKitApp Extension";
			sourceTree = "<group>";
		};
		94E97EE71D8C873B00E25C3A /* Supporting Files */ = {
			isa = PBXGroup;
			children = (
				94E97EE81D8C873B00E25C3A /* PushNotificationPayload.apns */,
			);
			name = "Supporting Files";
			sourceTree = "<group>";
		};
		94E97F031D8C879400E25C3A /* HungryBoiCommon */ = {
			isa = PBXGroup;
			children = (
				94E97F221D8C891200E25C3A /* WatchDataManager.swift */,
				94941F7C1D9098390065EA60 /* WatchRecipe.swift */,
				94E97ED01D8C7C6500E25C3A /* Recipe+CoreDataClass.swift */,
				94E97ED11D8C7C6500E25C3A /* Recipe+CoreDataProperties.swift */,
				94E97ECD1D8C7BEB00E25C3A /* HungryBoi.xcdatamodeld */,
				94E97F041D8C879400E25C3A /* HungryBoiCommon.h */,
				94E97F051D8C879400E25C3A /* Info.plist */,
			);
			path = HungryBoiCommon;
			sourceTree = "<group>";
		};
		94E97F101D8C879400E25C3A /* HungryBoiCommonTests */ = {
			isa = PBXGroup;
			children = (
				94E97F111D8C879400E25C3A /* HungryBoiCommonTests.swift */,
				94E97F131D8C879400E25C3A /* Info.plist */,
			);
			path = HungryBoiCommonTests;
			sourceTree = "<group>";
		};
/* End PBXGroup section */

/* Begin PBXHeadersBuildPhase section */
		94E97EFF1D8C879400E25C3A /* Headers */ = {
			isa = PBXHeadersBuildPhase;
			buildActionMask = 2147483647;
			files = (
				94E97F141D8C879400E25C3A /* HungryBoiCommon.h in Headers */,
			);
			runOnlyForDeploymentPostprocessing = 0;
		};
/* End PBXHeadersBuildPhase section */

/* Begin PBXNativeTarget section */
		9497BAF11D8C4AD900E45158 /* HungryBoi */ = {
			isa = PBXNativeTarget;
			buildConfigurationList = 9497BB1A1D8C4AD900E45158 /* Build configuration list for PBXNativeTarget "HungryBoi" */;
			buildPhases = (
				9497BAEE1D8C4AD900E45158 /* Sources */,
				9497BAEF1D8C4AD900E45158 /* Frameworks */,
				9497BAF01D8C4AD900E45158 /* Resources */,
				94E97EFC1D8C873B00E25C3A /* Embed Watch Content */,
				94E97F1C1D8C879400E25C3A /* Embed Frameworks */,
			);
			buildRules = (
			);
			dependencies = (
				94E97EF31D8C873B00E25C3A /* PBXTargetDependency */,
				94E97F161D8C879400E25C3A /* PBXTargetDependency */,
			);
			name = HungryBoi;
			productName = HungryBoi;
			productReference = 9497BAF21D8C4AD900E45158 /* HungryBoi.app */;
			productType = "com.apple.product-type.application";
		};
		9497BB051D8C4AD900E45158 /* HungryBoiTests */ = {
			isa = PBXNativeTarget;
			buildConfigurationList = 9497BB1D1D8C4AD900E45158 /* Build configuration list for PBXNativeTarget "HungryBoiTests" */;
			buildPhases = (
				9497BB021D8C4AD900E45158 /* Sources */,
				9497BB031D8C4AD900E45158 /* Frameworks */,
				9497BB041D8C4AD900E45158 /* Resources */,
			);
			buildRules = (
			);
			dependencies = (
				9497BB081D8C4AD900E45158 /* PBXTargetDependency */,
			);
			name = HungryBoiTests;
			productName = HungryBoiTests;
			productReference = 9497BB061D8C4AD900E45158 /* HungryBoiTests.xctest */;
			productType = "com.apple.product-type.bundle.unit-test";
		};
		9497BB101D8C4AD900E45158 /* HungryBoiUITests */ = {
			isa = PBXNativeTarget;
			buildConfigurationList = 9497BB201D8C4AD900E45158 /* Build configuration list for PBXNativeTarget "HungryBoiUITests" */;
			buildPhases = (
				9497BB0D1D8C4AD900E45158 /* Sources */,
				9497BB0E1D8C4AD900E45158 /* Frameworks */,
				9497BB0F1D8C4AD900E45158 /* Resources */,
			);
			buildRules = (
			);
			dependencies = (
				9497BB131D8C4AD900E45158 /* PBXTargetDependency */,
			);
			name = HungryBoiUITests;
			productName = HungryBoiUITests;
			productReference = 9497BB111D8C4AD900E45158 /* HungryBoiUITests.xctest */;
			productType = "com.apple.product-type.bundle.ui-testing";
		};
		94E97ED51D8C873B00E25C3A /* HungryBoiWatchKitApp */ = {
			isa = PBXNativeTarget;
			buildConfigurationList = 94E97EF91D8C873B00E25C3A /* Build configuration list for PBXNativeTarget "HungryBoiWatchKitApp" */;
			buildPhases = (
				94E97ED41D8C873B00E25C3A /* Resources */,
				94E97EF81D8C873B00E25C3A /* Embed App Extensions */,
			);
			buildRules = (
			);
			dependencies = (
				94E97EE51D8C873B00E25C3A /* PBXTargetDependency */,
			);
			name = HungryBoiWatchKitApp;
			productName = HungryBoiWatchKitApp;
			productReference = 94E97ED61D8C873B00E25C3A /* HungryBoiWatchKitApp.app */;
			productType = "com.apple.product-type.application.watchapp2";
		};
		94E97EE11D8C873B00E25C3A /* HungryBoiWatchKitApp Extension */ = {
			isa = PBXNativeTarget;
			buildConfigurationList = 94E97EF51D8C873B00E25C3A /* Build configuration list for PBXNativeTarget "HungryBoiWatchKitApp Extension" */;
			buildPhases = (
				94E97EDE1D8C873B00E25C3A /* Sources */,
				94E97EDF1D8C873B00E25C3A /* Frameworks */,
				94E97EE01D8C873B00E25C3A /* Resources */,
			);
			buildRules = (
			);
			dependencies = (
			);
			name = "HungryBoiWatchKitApp Extension";
			productName = "HungryBoiWatchKitApp Extension";
			productReference = 94E97EE21D8C873B00E25C3A /* HungryBoiWatchKitApp Extension.appex */;
			productType = "com.apple.product-type.watchkit2-extension";
		};
		94E97F011D8C879400E25C3A /* HungryBoiCommon */ = {
			isa = PBXNativeTarget;
			buildConfigurationList = 94E97F191D8C879400E25C3A /* Build configuration list for PBXNativeTarget "HungryBoiCommon" */;
			buildPhases = (
				94E97EFD1D8C879400E25C3A /* Sources */,
				94E97EFE1D8C879400E25C3A /* Frameworks */,
				94E97EFF1D8C879400E25C3A /* Headers */,
				94E97F001D8C879400E25C3A /* Resources */,
			);
			buildRules = (
			);
			dependencies = (
			);
			name = HungryBoiCommon;
			productName = HungryBoiCommon;
			productReference = 94E97F021D8C879400E25C3A /* HungryBoiCommon.framework */;
			productType = "com.apple.product-type.framework";
		};
		94E97F091D8C879400E25C3A /* HungryBoiCommonTests */ = {
			isa = PBXNativeTarget;
			buildConfigurationList = 94E97F1D1D8C879400E25C3A /* Build configuration list for PBXNativeTarget "HungryBoiCommonTests" */;
			buildPhases = (
				94E97F061D8C879400E25C3A /* Sources */,
				94E97F071D8C879400E25C3A /* Frameworks */,
				94E97F081D8C879400E25C3A /* Resources */,
			);
			buildRules = (
			);
			dependencies = (
				94E97F0D1D8C879400E25C3A /* PBXTargetDependency */,
				94E97F0F1D8C879400E25C3A /* PBXTargetDependency */,
			);
			name = HungryBoiCommonTests;
			productName = HungryBoiCommonTests;
			productReference = 94E97F0A1D8C879400E25C3A /* HungryBoiCommonTests.xctest */;
			productType = "com.apple.product-type.bundle.unit-test";
		};
/* End PBXNativeTarget section */

/* Begin PBXProject section */
		9497BAEA1D8C4AD900E45158 /* Project object */ = {
			isa = PBXProject;
			attributes = {
				LastSwiftUpdateCheck = 0800;
				LastUpgradeCheck = 0800;
				ORGANIZATIONNAME = "Leo Kwan";
				TargetAttributes = {
					9497BAF11D8C4AD900E45158 = {
						CreatedOnToolsVersion = 8.0;
						DevelopmentTeam = DWCYJ9H353;
						ProvisioningStyle = Automatic;
					};
					9497BB051D8C4AD900E45158 = {
						CreatedOnToolsVersion = 8.0;
						ProvisioningStyle = Automatic;
						TestTargetID = 9497BAF11D8C4AD900E45158;
					};
					9497BB101D8C4AD900E45158 = {
						CreatedOnToolsVersion = 8.0;
						ProvisioningStyle = Automatic;
						TestTargetID = 9497BAF11D8C4AD900E45158;
					};
					94E97ED51D8C873B00E25C3A = {
						CreatedOnToolsVersion = 8.0;
						DevelopmentTeam = DWCYJ9H353;
						ProvisioningStyle = Automatic;
					};
					94E97EE11D8C873B00E25C3A = {
						CreatedOnToolsVersion = 8.0;
						DevelopmentTeam = DWCYJ9H353;
						ProvisioningStyle = Automatic;
					};
					94E97F011D8C879400E25C3A = {
						CreatedOnToolsVersion = 8.0;
						DevelopmentTeam = DWCYJ9H353;
						LastSwiftMigration = 0800;
						ProvisioningStyle = Automatic;
					};
					94E97F091D8C879400E25C3A = {
						CreatedOnToolsVersion = 8.0;
						DevelopmentTeam = DWCYJ9H353;
						ProvisioningStyle = Automatic;
						TestTargetID = 9497BAF11D8C4AD900E45158;
					};
				};
			};
			buildConfigurationList = 9497BAED1D8C4AD900E45158 /* Build configuration list for PBXProject "HungryBoi" */;
			compatibilityVersion = "Xcode 3.2";
			developmentRegion = English;
			hasScannedForEncodings = 0;
			knownRegions = (
				en,
				Base,
			);
			mainGroup = 9497BAE91D8C4AD900E45158;
			productRefGroup = 9497BAF31D8C4AD900E45158 /* Products */;
			projectDirPath = "";
			projectRoot = "";
			targets = (
				9497BAF11D8C4AD900E45158 /* HungryBoi */,
				9497BB051D8C4AD900E45158 /* HungryBoiTests */,
				9497BB101D8C4AD900E45158 /* HungryBoiUITests */,
				94E97ED51D8C873B00E25C3A /* HungryBoiWatchKitApp */,
				94E97EE11D8C873B00E25C3A /* HungryBoiWatchKitApp Extension */,
				94E97F011D8C879400E25C3A /* HungryBoiCommon */,
				94E97F091D8C879400E25C3A /* HungryBoiCommonTests */,
			);
		};
/* End PBXProject section */

/* Begin PBXResourcesBuildPhase section */
		9497BAF01D8C4AD900E45158 /* Resources */ = {
			isa = PBXResourcesBuildPhase;
			buildActionMask = 2147483647;
			files = (
				9497BB001D8C4AD900E45158 /* LaunchScreen.storyboard in Resources */,
				9497BAFD1D8C4AD900E45158 /* Assets.xcassets in Resources */,
				9497BB281D8C517800E45158 /* FoodTableViewCell.xib in Resources */,
				9497BAFB1D8C4AD900E45158 /* Main.storyboard in Resources */,
			);
			runOnlyForDeploymentPostprocessing = 0;
		};
		9497BB041D8C4AD900E45158 /* Resources */ = {
			isa = PBXResourcesBuildPhase;
			buildActionMask = 2147483647;
			files = (
			);
			runOnlyForDeploymentPostprocessing = 0;
		};
		9497BB0F1D8C4AD900E45158 /* Resources */ = {
			isa = PBXResourcesBuildPhase;
			buildActionMask = 2147483647;
			files = (
			);
			runOnlyForDeploymentPostprocessing = 0;
		};
		94E97ED41D8C873B00E25C3A /* Resources */ = {
			isa = PBXResourcesBuildPhase;
			buildActionMask = 2147483647;
			files = (
				94E97EDC1D8C873B00E25C3A /* Assets.xcassets in Resources */,
				94E97EDA1D8C873B00E25C3A /* Interface.storyboard in Resources */,
			);
			runOnlyForDeploymentPostprocessing = 0;
		};
		94E97EE01D8C873B00E25C3A /* Resources */ = {
			isa = PBXResourcesBuildPhase;
			buildActionMask = 2147483647;
			files = (
				94E97EF01D8C873B00E25C3A /* Assets.xcassets in Resources */,
			);
			runOnlyForDeploymentPostprocessing = 0;
		};
		94E97F001D8C879400E25C3A /* Resources */ = {
			isa = PBXResourcesBuildPhase;
			buildActionMask = 2147483647;
			files = (
			);
			runOnlyForDeploymentPostprocessing = 0;
		};
		94E97F081D8C879400E25C3A /* Resources */ = {
			isa = PBXResourcesBuildPhase;
			buildActionMask = 2147483647;
			files = (
			);
			runOnlyForDeploymentPostprocessing = 0;
		};
/* End PBXResourcesBuildPhase section */

/* Begin PBXSourcesBuildPhase section */
		9497BAEE1D8C4AD900E45158 /* Sources */ = {
			isa = PBXSourcesBuildPhase;
			buildActionMask = 2147483647;
			files = (
				94DEBD9B1D8C9239007CB232 /* Recipe+CoreDataClass.swift in Sources */,
				94DEBD951D8C914D007CB232 /* FoodRecipeViewController.swift in Sources */,
				9497BB2A1D8C519900E45158 /* FoodTableViewCell.swift in Sources */,
				94DEBD9C1D8C9239007CB232 /* Recipe+CoreDataProperties.swift in Sources */,
				94DEBD9D1D8C923C007CB232 /* HungryBoi.xcdatamodeld in Sources */,
				94941F7A1D908B760065EA60 /* WatchDataManager.swift in Sources */,
				94941F7E1D909A290065EA60 /* WatchRecipe.swift in Sources */,
				94E97F211D8C88E200E25C3A /* PhoneToWatchService.swift in Sources */,
				9497BAF61D8C4AD900E45158 /* AppDelegate.swift in Sources */,
			);
			runOnlyForDeploymentPostprocessing = 0;
		};
		9497BB021D8C4AD900E45158 /* Sources */ = {
			isa = PBXSourcesBuildPhase;
			buildActionMask = 2147483647;
			files = (
				9497BB0B1D8C4AD900E45158 /* HungryBoiTests.swift in Sources */,
			);
			runOnlyForDeploymentPostprocessing = 0;
		};
		9497BB0D1D8C4AD900E45158 /* Sources */ = {
			isa = PBXSourcesBuildPhase;
			buildActionMask = 2147483647;
			files = (
				9497BB161D8C4AD900E45158 /* HungryBoiUITests.swift in Sources */,
			);
			runOnlyForDeploymentPostprocessing = 0;
		};
		94E97EDE1D8C873B00E25C3A /* Sources */ = {
			isa = PBXSourcesBuildPhase;
			buildActionMask = 2147483647;
			files = (
				94E97EEE1D8C873B00E25C3A /* NotificationController.swift in Sources */,
				94941F7F1D909A2B0065EA60 /* WatchRecipe.swift in Sources */,
				94DEBD9F1D8C9484007CB232 /* WatchToPhoneService.swift in Sources */,
				94E97EEC1D8C873B00E25C3A /* ExtensionDelegate.swift in Sources */,
				94941F831D909B300065EA60 /* RecipeRowController.swift in Sources */,
				94E97EEA1D8C873B00E25C3A /* RecipesWatchController.swift in Sources */,
			);
			runOnlyForDeploymentPostprocessing = 0;
		};
		94E97EFD1D8C879400E25C3A /* Sources */ = {
			isa = PBXSourcesBuildPhase;
			buildActionMask = 2147483647;
			files = (
				94DEBD981D8C91D8007CB232 /* Recipe+CoreDataProperties.swift in Sources */,
				94941F7D1D9098390065EA60 /* WatchRecipe.swift in Sources */,
				94941F791D9084730065EA60 /* WatchDataManager.swift in Sources */,
				94DEBD991D8C91D8007CB232 /* Recipe+CoreDataClass.swift in Sources */,
				94DEBD921D8C909A007CB232 /* HungryBoi.xcdatamodeld in Sources */,
			);
			runOnlyForDeploymentPostprocessing = 0;
		};
		94E97F061D8C879400E25C3A /* Sources */ = {
			isa = PBXSourcesBuildPhase;
			buildActionMask = 2147483647;
			files = (
				94E97F121D8C879400E25C3A /* HungryBoiCommonTests.swift in Sources */,
			);
			runOnlyForDeploymentPostprocessing = 0;
		};
/* End PBXSourcesBuildPhase section */

/* Begin PBXTargetDependency section */
		9497BB081D8C4AD900E45158 /* PBXTargetDependency */ = {
			isa = PBXTargetDependency;
			target = 9497BAF11D8C4AD900E45158 /* HungryBoi */;
			targetProxy = 9497BB071D8C4AD900E45158 /* PBXContainerItemProxy */;
		};
		9497BB131D8C4AD900E45158 /* PBXTargetDependency */ = {
			isa = PBXTargetDependency;
			target = 9497BAF11D8C4AD900E45158 /* HungryBoi */;
			targetProxy = 9497BB121D8C4AD900E45158 /* PBXContainerItemProxy */;
		};
		94E97EE51D8C873B00E25C3A /* PBXTargetDependency */ = {
			isa = PBXTargetDependency;
			target = 94E97EE11D8C873B00E25C3A /* HungryBoiWatchKitApp Extension */;
			targetProxy = 94E97EE41D8C873B00E25C3A /* PBXContainerItemProxy */;
		};
		94E97EF31D8C873B00E25C3A /* PBXTargetDependency */ = {
			isa = PBXTargetDependency;
			target = 94E97ED51D8C873B00E25C3A /* HungryBoiWatchKitApp */;
			targetProxy = 94E97EF21D8C873B00E25C3A /* PBXContainerItemProxy */;
		};
		94E97F0D1D8C879400E25C3A /* PBXTargetDependency */ = {
			isa = PBXTargetDependency;
			target = 94E97F011D8C879400E25C3A /* HungryBoiCommon */;
			targetProxy = 94E97F0C1D8C879400E25C3A /* PBXContainerItemProxy */;
		};
		94E97F0F1D8C879400E25C3A /* PBXTargetDependency */ = {
			isa = PBXTargetDependency;
			target = 9497BAF11D8C4AD900E45158 /* HungryBoi */;
			targetProxy = 94E97F0E1D8C879400E25C3A /* PBXContainerItemProxy */;
		};
		94E97F161D8C879400E25C3A /* PBXTargetDependency */ = {
			isa = PBXTargetDependency;
			target = 94E97F011D8C879400E25C3A /* HungryBoiCommon */;
			targetProxy = 94E97F151D8C879400E25C3A /* PBXContainerItemProxy */;
		};
/* End PBXTargetDependency section */

/* Begin PBXVariantGroup section */
		9497BAF91D8C4AD900E45158 /* Main.storyboard */ = {
			isa = PBXVariantGroup;
			children = (
				9497BAFA1D8C4AD900E45158 /* Base */,
			);
			name = Main.storyboard;
			sourceTree = "<group>";
		};
		9497BAFE1D8C4AD900E45158 /* LaunchScreen.storyboard */ = {
			isa = PBXVariantGroup;
			children = (
				9497BAFF1D8C4AD900E45158 /* Base */,
			);
			name = LaunchScreen.storyboard;
			sourceTree = "<group>";
		};
		94E97ED81D8C873B00E25C3A /* Interface.storyboard */ = {
			isa = PBXVariantGroup;
			children = (
				94E97ED91D8C873B00E25C3A /* Base */,
			);
			name = Interface.storyboard;
			sourceTree = "<group>";
		};
/* End PBXVariantGroup section */

/* Begin XCBuildConfiguration section */
		9497BB181D8C4AD900E45158 /* Debug */ = {
			isa = XCBuildConfiguration;
			buildSettings = {
				ALWAYS_SEARCH_USER_PATHS = NO;
				CLANG_ANALYZER_NONNULL = YES;
				CLANG_CXX_LANGUAGE_STANDARD = "gnu++0x";
				CLANG_CXX_LIBRARY = "libc++";
				CLANG_ENABLE_MODULES = YES;
				CLANG_ENABLE_OBJC_ARC = YES;
				CLANG_WARN_BOOL_CONVERSION = YES;
				CLANG_WARN_CONSTANT_CONVERSION = YES;
				CLANG_WARN_DIRECT_OBJC_ISA_USAGE = YES_ERROR;
				CLANG_WARN_DOCUMENTATION_COMMENTS = YES;
				CLANG_WARN_EMPTY_BODY = YES;
				CLANG_WARN_ENUM_CONVERSION = YES;
				CLANG_WARN_INFINITE_RECURSION = YES;
				CLANG_WARN_INT_CONVERSION = YES;
				CLANG_WARN_OBJC_ROOT_CLASS = YES_ERROR;
				CLANG_WARN_SUSPICIOUS_MOVES = YES;
				CLANG_WARN_UNREACHABLE_CODE = YES;
				CLANG_WARN__DUPLICATE_METHOD_MATCH = YES;
				"CODE_SIGN_IDENTITY[sdk=iphoneos*]" = "iPhone Developer";
				COPY_PHASE_STRIP = NO;
				DEBUG_INFORMATION_FORMAT = dwarf;
				ENABLE_STRICT_OBJC_MSGSEND = YES;
				ENABLE_TESTABILITY = YES;
				GCC_C_LANGUAGE_STANDARD = gnu99;
				GCC_DYNAMIC_NO_PIC = NO;
				GCC_NO_COMMON_BLOCKS = YES;
				GCC_OPTIMIZATION_LEVEL = 0;
				GCC_PREPROCESSOR_DEFINITIONS = (
					"DEBUG=1",
					"$(inherited)",
				);
				GCC_WARN_64_TO_32_BIT_CONVERSION = YES;
				GCC_WARN_ABOUT_RETURN_TYPE = YES_ERROR;
				GCC_WARN_UNDECLARED_SELECTOR = YES;
				GCC_WARN_UNINITIALIZED_AUTOS = YES_AGGRESSIVE;
				GCC_WARN_UNUSED_FUNCTION = YES;
				GCC_WARN_UNUSED_VARIABLE = YES;
				IPHONEOS_DEPLOYMENT_TARGET = 10.0;
				MTL_ENABLE_DEBUG_INFO = YES;
				ONLY_ACTIVE_ARCH = YES;
				SDKROOT = iphoneos;
				SWIFT_ACTIVE_COMPILATION_CONDITIONS = DEBUG;
				SWIFT_OPTIMIZATION_LEVEL = "-Onone";
				TARGETED_DEVICE_FAMILY = "1,2";
			};
			name = Debug;
		};
		9497BB191D8C4AD900E45158 /* Release */ = {
			isa = XCBuildConfiguration;
			buildSettings = {
				ALWAYS_SEARCH_USER_PATHS = NO;
				CLANG_ANALYZER_NONNULL = YES;
				CLANG_CXX_LANGUAGE_STANDARD = "gnu++0x";
				CLANG_CXX_LIBRARY = "libc++";
				CLANG_ENABLE_MODULES = YES;
				CLANG_ENABLE_OBJC_ARC = YES;
				CLANG_WARN_BOOL_CONVERSION = YES;
				CLANG_WARN_CONSTANT_CONVERSION = YES;
				CLANG_WARN_DIRECT_OBJC_ISA_USAGE = YES_ERROR;
				CLANG_WARN_DOCUMENTATION_COMMENTS = YES;
				CLANG_WARN_EMPTY_BODY = YES;
				CLANG_WARN_ENUM_CONVERSION = YES;
				CLANG_WARN_INFINITE_RECURSION = YES;
				CLANG_WARN_INT_CONVERSION = YES;
				CLANG_WARN_OBJC_ROOT_CLASS = YES_ERROR;
				CLANG_WARN_SUSPICIOUS_MOVES = YES;
				CLANG_WARN_UNREACHABLE_CODE = YES;
				CLANG_WARN__DUPLICATE_METHOD_MATCH = YES;
				"CODE_SIGN_IDENTITY[sdk=iphoneos*]" = "iPhone Developer";
				COPY_PHASE_STRIP = NO;
				DEBUG_INFORMATION_FORMAT = "dwarf-with-dsym";
				ENABLE_NS_ASSERTIONS = NO;
				ENABLE_STRICT_OBJC_MSGSEND = YES;
				GCC_C_LANGUAGE_STANDARD = gnu99;
				GCC_NO_COMMON_BLOCKS = YES;
				GCC_WARN_64_TO_32_BIT_CONVERSION = YES;
				GCC_WARN_ABOUT_RETURN_TYPE = YES_ERROR;
				GCC_WARN_UNDECLARED_SELECTOR = YES;
				GCC_WARN_UNINITIALIZED_AUTOS = YES_AGGRESSIVE;
				GCC_WARN_UNUSED_FUNCTION = YES;
				GCC_WARN_UNUSED_VARIABLE = YES;
				IPHONEOS_DEPLOYMENT_TARGET = 10.0;
				MTL_ENABLE_DEBUG_INFO = NO;
				SDKROOT = iphoneos;
				SWIFT_OPTIMIZATION_LEVEL = "-Owholemodule";
				TARGETED_DEVICE_FAMILY = "1,2";
				VALIDATE_PRODUCT = YES;
			};
			name = Release;
		};
		9497BB1B1D8C4AD900E45158 /* Debug */ = {
			isa = XCBuildConfiguration;
			buildSettings = {
				ALWAYS_EMBED_SWIFT_STANDARD_LIBRARIES = YES;
				ASSETCATALOG_COMPILER_APPICON_NAME = AppIcon;
				DEVELOPMENT_TEAM = DWCYJ9H353;
				INFOPLIST_FILE = HungryBoi/Info.plist;
				LD_RUNPATH_SEARCH_PATHS = "$(inherited) @executable_path/Frameworks";
				PRODUCT_BUNDLE_IDENTIFIER = com.leojkwan.HungryBoi;
				PRODUCT_NAME = "$(TARGET_NAME)";
				SWIFT_VERSION = 3.0;
			};
			name = Debug;
		};
		9497BB1C1D8C4AD900E45158 /* Release */ = {
			isa = XCBuildConfiguration;
			buildSettings = {
				ALWAYS_EMBED_SWIFT_STANDARD_LIBRARIES = YES;
				ASSETCATALOG_COMPILER_APPICON_NAME = AppIcon;
				DEVELOPMENT_TEAM = DWCYJ9H353;
				INFOPLIST_FILE = HungryBoi/Info.plist;
				LD_RUNPATH_SEARCH_PATHS = "$(inherited) @executable_path/Frameworks";
				PRODUCT_BUNDLE_IDENTIFIER = com.leojkwan.HungryBoi;
				PRODUCT_NAME = "$(TARGET_NAME)";
				SWIFT_VERSION = 3.0;
			};
			name = Release;
		};
		9497BB1E1D8C4AD900E45158 /* Debug */ = {
			isa = XCBuildConfiguration;
			buildSettings = {
				ALWAYS_EMBED_SWIFT_STANDARD_LIBRARIES = YES;
				BUNDLE_LOADER = "$(TEST_HOST)";
				INFOPLIST_FILE = HungryBoiTests/Info.plist;
				LD_RUNPATH_SEARCH_PATHS = "$(inherited) @executable_path/Frameworks @loader_path/Frameworks";
				PRODUCT_BUNDLE_IDENTIFIER = com.leojkwan.HungryBoiTests;
				PRODUCT_NAME = "$(TARGET_NAME)";
				SWIFT_VERSION = 3.0;
				TEST_HOST = "$(BUILT_PRODUCTS_DIR)/HungryBoi.app/HungryBoi";
			};
			name = Debug;
		};
		9497BB1F1D8C4AD900E45158 /* Release */ = {
			isa = XCBuildConfiguration;
			buildSettings = {
				ALWAYS_EMBED_SWIFT_STANDARD_LIBRARIES = YES;
				BUNDLE_LOADER = "$(TEST_HOST)";
				INFOPLIST_FILE = HungryBoiTests/Info.plist;
				LD_RUNPATH_SEARCH_PATHS = "$(inherited) @executable_path/Frameworks @loader_path/Frameworks";
				PRODUCT_BUNDLE_IDENTIFIER = com.leojkwan.HungryBoiTests;
				PRODUCT_NAME = "$(TARGET_NAME)";
				SWIFT_VERSION = 3.0;
				TEST_HOST = "$(BUILT_PRODUCTS_DIR)/HungryBoi.app/HungryBoi";
			};
			name = Release;
		};
		9497BB211D8C4AD900E45158 /* Debug */ = {
			isa = XCBuildConfiguration;
			buildSettings = {
				ALWAYS_EMBED_SWIFT_STANDARD_LIBRARIES = YES;
				INFOPLIST_FILE = HungryBoiUITests/Info.plist;
				LD_RUNPATH_SEARCH_PATHS = "$(inherited) @executable_path/Frameworks @loader_path/Frameworks";
				PRODUCT_BUNDLE_IDENTIFIER = com.leojkwan.HungryBoiUITests;
				PRODUCT_NAME = "$(TARGET_NAME)";
				SWIFT_VERSION = 3.0;
				TEST_TARGET_NAME = HungryBoi;
			};
			name = Debug;
		};
		9497BB221D8C4AD900E45158 /* Release */ = {
			isa = XCBuildConfiguration;
			buildSettings = {
				ALWAYS_EMBED_SWIFT_STANDARD_LIBRARIES = YES;
				INFOPLIST_FILE = HungryBoiUITests/Info.plist;
				LD_RUNPATH_SEARCH_PATHS = "$(inherited) @executable_path/Frameworks @loader_path/Frameworks";
				PRODUCT_BUNDLE_IDENTIFIER = com.leojkwan.HungryBoiUITests;
				PRODUCT_NAME = "$(TARGET_NAME)";
				SWIFT_VERSION = 3.0;
				TEST_TARGET_NAME = HungryBoi;
			};
			name = Release;
		};
		94E97EF61D8C873B00E25C3A /* Debug */ = {
			isa = XCBuildConfiguration;
			buildSettings = {
				ASSETCATALOG_COMPILER_COMPLICATION_NAME = Complication;
				DEVELOPMENT_TEAM = DWCYJ9H353;
				INFOPLIST_FILE = "HungryBoiWatchKitApp Extension/Info.plist";
				LD_RUNPATH_SEARCH_PATHS = "$(inherited) @executable_path/Frameworks @executable_path/../../Frameworks";
				PRODUCT_BUNDLE_IDENTIFIER = com.leojkwan.HungryBoi.watchkitapp.watchkitextension;
				PRODUCT_NAME = "${TARGET_NAME}";
				SDKROOT = watchos;
				SKIP_INSTALL = YES;
				SWIFT_VERSION = 3.0;
				TARGETED_DEVICE_FAMILY = 4;
				WATCHOS_DEPLOYMENT_TARGET = 3.0;
			};
			name = Debug;
		};
		94E97EF71D8C873B00E25C3A /* Release */ = {
			isa = XCBuildConfiguration;
			buildSettings = {
				ASSETCATALOG_COMPILER_COMPLICATION_NAME = Complication;
				DEVELOPMENT_TEAM = DWCYJ9H353;
				INFOPLIST_FILE = "HungryBoiWatchKitApp Extension/Info.plist";
				LD_RUNPATH_SEARCH_PATHS = "$(inherited) @executable_path/Frameworks @executable_path/../../Frameworks";
				PRODUCT_BUNDLE_IDENTIFIER = com.leojkwan.HungryBoi.watchkitapp.watchkitextension;
				PRODUCT_NAME = "${TARGET_NAME}";
				SDKROOT = watchos;
				SKIP_INSTALL = YES;
				SWIFT_VERSION = 3.0;
				TARGETED_DEVICE_FAMILY = 4;
				WATCHOS_DEPLOYMENT_TARGET = 3.0;
			};
			name = Release;
		};
		94E97EFA1D8C873B00E25C3A /* Debug */ = {
			isa = XCBuildConfiguration;
			buildSettings = {
				ALWAYS_EMBED_SWIFT_STANDARD_LIBRARIES = YES;
				ASSETCATALOG_COMPILER_APPICON_NAME = AppIcon;
				DEVELOPMENT_TEAM = DWCYJ9H353;
				IBSC_MODULE = HungryBoiWatchKitApp_Extension;
				INFOPLIST_FILE = HungryBoiWatchKitApp/Info.plist;
				PRODUCT_BUNDLE_IDENTIFIER = com.leojkwan.HungryBoi.watchkitapp;
				PRODUCT_NAME = "$(TARGET_NAME)";
				SDKROOT = watchos;
				SKIP_INSTALL = YES;
				SWIFT_VERSION = 3.0;
				TARGETED_DEVICE_FAMILY = 4;
				WATCHOS_DEPLOYMENT_TARGET = 3.0;
			};
			name = Debug;
		};
		94E97EFB1D8C873B00E25C3A /* Release */ = {
			isa = XCBuildConfiguration;
			buildSettings = {
				ALWAYS_EMBED_SWIFT_STANDARD_LIBRARIES = YES;
				ASSETCATALOG_COMPILER_APPICON_NAME = AppIcon;
				DEVELOPMENT_TEAM = DWCYJ9H353;
				IBSC_MODULE = HungryBoiWatchKitApp_Extension;
				INFOPLIST_FILE = HungryBoiWatchKitApp/Info.plist;
				PRODUCT_BUNDLE_IDENTIFIER = com.leojkwan.HungryBoi.watchkitapp;
				PRODUCT_NAME = "$(TARGET_NAME)";
				SDKROOT = watchos;
				SKIP_INSTALL = YES;
				SWIFT_VERSION = 3.0;
				TARGETED_DEVICE_FAMILY = 4;
				WATCHOS_DEPLOYMENT_TARGET = 3.0;
			};
			name = Release;
		};
		94E97F1A1D8C879400E25C3A /* Debug */ = {
			isa = XCBuildConfiguration;
			buildSettings = {
				CLANG_ENABLE_MODULES = YES;
				CODE_SIGN_IDENTITY = "";
				CURRENT_PROJECT_VERSION = 1;
				DEFINES_MODULE = YES;
				DEVELOPMENT_TEAM = DWCYJ9H353;
				DYLIB_COMPATIBILITY_VERSION = 1;
				DYLIB_CURRENT_VERSION = 1;
				DYLIB_INSTALL_NAME_BASE = "@rpath";
				INFOPLIST_FILE = HungryBoiCommon/Info.plist;
				INSTALL_PATH = "$(LOCAL_LIBRARY_DIR)/Frameworks";
				LD_RUNPATH_SEARCH_PATHS = "$(inherited) @executable_path/Frameworks @loader_path/Frameworks";
				PRODUCT_BUNDLE_IDENTIFIER = com.leojkwan.HungryBoiCommon;
				PRODUCT_NAME = "$(TARGET_NAME)";
				SKIP_INSTALL = YES;
				SWIFT_OPTIMIZATION_LEVEL = "-Onone";
				SWIFT_VERSION = 3.0;
				VERSIONING_SYSTEM = "apple-generic";
				VERSION_INFO_PREFIX = "";
			};
			name = Debug;
		};
		94E97F1B1D8C879400E25C3A /* Release */ = {
			isa = XCBuildConfiguration;
			buildSettings = {
				CLANG_ENABLE_MODULES = YES;
				CODE_SIGN_IDENTITY = "";
				CURRENT_PROJECT_VERSION = 1;
				DEFINES_MODULE = YES;
				DEVELOPMENT_TEAM = DWCYJ9H353;
				DYLIB_COMPATIBILITY_VERSION = 1;
				DYLIB_CURRENT_VERSION = 1;
				DYLIB_INSTALL_NAME_BASE = "@rpath";
				INFOPLIST_FILE = HungryBoiCommon/Info.plist;
				INSTALL_PATH = "$(LOCAL_LIBRARY_DIR)/Frameworks";
				LD_RUNPATH_SEARCH_PATHS = "$(inherited) @executable_path/Frameworks @loader_path/Frameworks";
				PRODUCT_BUNDLE_IDENTIFIER = com.leojkwan.HungryBoiCommon;
				PRODUCT_NAME = "$(TARGET_NAME)";
				SKIP_INSTALL = YES;
				SWIFT_VERSION = 3.0;
				VERSIONING_SYSTEM = "apple-generic";
				VERSION_INFO_PREFIX = "";
			};
			name = Release;
		};
		94E97F1E1D8C879400E25C3A /* Debug */ = {
			isa = XCBuildConfiguration;
			buildSettings = {
				ALWAYS_EMBED_SWIFT_STANDARD_LIBRARIES = YES;
				DEVELOPMENT_TEAM = DWCYJ9H353;
				INFOPLIST_FILE = HungryBoiCommonTests/Info.plist;
				LD_RUNPATH_SEARCH_PATHS = "$(inherited) @executable_path/Frameworks @loader_path/Frameworks";
				PRODUCT_BUNDLE_IDENTIFIER = com.leojkwan.HungryBoiCommonTests;
				PRODUCT_NAME = "$(TARGET_NAME)";
				SWIFT_VERSION = 3.0;
				TEST_HOST = "$(BUILT_PRODUCTS_DIR)/HungryBoi.app/HungryBoi";
			};
			name = Debug;
		};
		94E97F1F1D8C879400E25C3A /* Release */ = {
			isa = XCBuildConfiguration;
			buildSettings = {
				ALWAYS_EMBED_SWIFT_STANDARD_LIBRARIES = YES;
				DEVELOPMENT_TEAM = DWCYJ9H353;
				INFOPLIST_FILE = HungryBoiCommonTests/Info.plist;
				LD_RUNPATH_SEARCH_PATHS = "$(inherited) @executable_path/Frameworks @loader_path/Frameworks";
				PRODUCT_BUNDLE_IDENTIFIER = com.leojkwan.HungryBoiCommonTests;
				PRODUCT_NAME = "$(TARGET_NAME)";
				SWIFT_VERSION = 3.0;
				TEST_HOST = "$(BUILT_PRODUCTS_DIR)/HungryBoi.app/HungryBoi";
			};
			name = Release;
		};
/* End XCBuildConfiguration section */

/* Begin XCConfigurationList section */
		9497BAED1D8C4AD900E45158 /* Build configuration list for PBXProject "HungryBoi" */ = {
			isa = XCConfigurationList;
			buildConfigurations = (
				9497BB181D8C4AD900E45158 /* Debug */,
				9497BB191D8C4AD900E45158 /* Release */,
			);
			defaultConfigurationIsVisible = 0;
			defaultConfigurationName = Release;
		};
		9497BB1A1D8C4AD900E45158 /* Build configuration list for PBXNativeTarget "HungryBoi" */ = {
			isa = XCConfigurationList;
			buildConfigurations = (
				9497BB1B1D8C4AD900E45158 /* Debug */,
				9497BB1C1D8C4AD900E45158 /* Release */,
			);
			defaultConfigurationIsVisible = 0;
			defaultConfigurationName = Release;
		};
		9497BB1D1D8C4AD900E45158 /* Build configuration list for PBXNativeTarget "HungryBoiTests" */ = {
			isa = XCConfigurationList;
			buildConfigurations = (
				9497BB1E1D8C4AD900E45158 /* Debug */,
				9497BB1F1D8C4AD900E45158 /* Release */,
			);
			defaultConfigurationIsVisible = 0;
			defaultConfigurationName = Release;
		};
		9497BB201D8C4AD900E45158 /* Build configuration list for PBXNativeTarget "HungryBoiUITests" */ = {
			isa = XCConfigurationList;
			buildConfigurations = (
				9497BB211D8C4AD900E45158 /* Debug */,
				9497BB221D8C4AD900E45158 /* Release */,
			);
			defaultConfigurationIsVisible = 0;
			defaultConfigurationName = Release;
		};
		94E97EF51D8C873B00E25C3A /* Build configuration list for PBXNativeTarget "HungryBoiWatchKitApp Extension" */ = {
			isa = XCConfigurationList;
			buildConfigurations = (
				94E97EF61D8C873B00E25C3A /* Debug */,
				94E97EF71D8C873B00E25C3A /* Release */,
			);
			defaultConfigurationIsVisible = 0;
			defaultConfigurationName = Release;
		};
		94E97EF91D8C873B00E25C3A /* Build configuration list for PBXNativeTarget "HungryBoiWatchKitApp" */ = {
			isa = XCConfigurationList;
			buildConfigurations = (
				94E97EFA1D8C873B00E25C3A /* Debug */,
				94E97EFB1D8C873B00E25C3A /* Release */,
			);
			defaultConfigurationIsVisible = 0;
			defaultConfigurationName = Release;
		};
		94E97F191D8C879400E25C3A /* Build configuration list for PBXNativeTarget "HungryBoiCommon" */ = {
			isa = XCConfigurationList;
			buildConfigurations = (
				94E97F1A1D8C879400E25C3A /* Debug */,
				94E97F1B1D8C879400E25C3A /* Release */,
			);
			defaultConfigurationIsVisible = 0;
			defaultConfigurationName = Release;
		};
		94E97F1D1D8C879400E25C3A /* Build configuration list for PBXNativeTarget "HungryBoiCommonTests" */ = {
			isa = XCConfigurationList;
			buildConfigurations = (
				94E97F1E1D8C879400E25C3A /* Debug */,
				94E97F1F1D8C879400E25C3A /* Release */,
			);
			defaultConfigurationIsVisible = 0;
			defaultConfigurationName = Release;
		};
/* End XCConfigurationList section */

/* Begin XCVersionGroup section */
		94E97ECD1D8C7BEB00E25C3A /* HungryBoi.xcdatamodeld */ = {
			isa = XCVersionGroup;
			children = (
				94E97ECE1D8C7BEB00E25C3A /* HungryBoi.xcdatamodel */,
			);
			currentVersion = 94E97ECE1D8C7BEB00E25C3A /* HungryBoi.xcdatamodel */;
			name = HungryBoi.xcdatamodeld;
			path = ../HungryBoi/HungryBoi.xcdatamodeld;
			sourceTree = "<group>";
			versionGroupType = wrapper.xcdatamodel;
		};
/* End XCVersionGroup section */
	};
	rootObject = 9497BAEA1D8C4AD900E45158 /* Project object */;
}
